{
  "requires": true,
  "lockfileVersion": 1,
  "dependencies": {
    "@schemastore/hadolint": {
      "version": "0.0.2",
      "resolved": "https://registry.npmjs.org/@schemastore/hadolint/-/hadolint-0.0.2.tgz",
      "integrity": "sha512-W5iRT4ggUO6WoC4O/TJwlo1/ugVVYs2UMPNk9LFAyazWqhPXfI05/tbWO1BWK1t0raESvpA8w9yg8OiUU/Iqyw=="
    }
  }
}
